
Microsoft Visual Studio Solution File, Format Version 12.00
# Visual Studio Version 16
VisualStudioVersion = 25.0.1704.0
MinimumVisualStudioVersion = 10.0.40219.1
Project("{FAE04EC0-301F-11D3-BF4B-00C04F79EFBC}") = "Gamf1", "Gamf1\Gamf1.csproj", "{FD8B2F7B-8D09-4EC1-B20E-89B0DB6472E5}"
EndProject
Global
	GlobalSection(SolutionConfigurationPlatforms) = preSolution
		Debug|Any CPU = Debug|Any CPU
		Release|Any CPU = Release|Any CPU
	EndGlobalSection
	GlobalSection(ProjectConfigurationPlatforms) = postSolution
		{FD8B2F7B-8D09-4EC1-B20E-89B0DB6472E5}.Debug|Any CPU.ActiveCfg = Debug|Any CPU
		{FD8B2F7B-8D09-4EC1-B20E-89B0DB6472E5}.Debug|Any CPU.Build.0 = Debug|Any CPU
		{FD8B2F7B-8D09-4EC1-B20E-89B0DB6472E5}.Release|Any CPU.ActiveCfg = Release|Any CPU
		{FD8B2F7B-8D09-4EC1-B20E-89B0DB6472E5}.Release|Any CPU.Build.0 = Release|Any CPU
	EndGlobalSection
	GlobalSection(SolutionProperties) = preSolution
		HideSolutionNode = FALSE
	EndGlobalSection
	GlobalSection(ExtensibilityGlobals) = postSolution
		SolutionGuid = {67D51F47-A02E-45FF-8C50-A3942885555A}
	EndGlobalSection
EndGlobal
